
Microsoft Visual Studio Solution File, Format Version 12.00
# Visual Studio Version 17
VisualStudioVersion = 17.5.002.0
MinimumVisualStudioVersion = 10.0.40219.1
Project("{2150E333-8FDC-42A3-9474-1A3956D46DE8}") = "csharp-prep", "csharp-prep", "{90A7059C-24BD-4CA8-8BE5-B06F73EED0CC}"
EndProject
Project("{9A19103F-16F7-4668-BE54-9A1E7A4F7556}") = "Prep1", "csharp-prep\Prep1\Prep1.csproj", "{B9D93981-D5F3-4320-9CF8-8C8DD278E557}"
EndProject
Project("{9A19103F-16F7-4668-BE54-9A1E7A4F7556}") = "Prep2", "csharp-prep\Prep2\Prep2.csproj", "{FA068932-1A91-4E19-9E29-30C3980E5E24}"
EndProject
Project("{9A19103F-16F7-4668-BE54-9A1E7A4F7556}") = "Prep3", "csharp-prep\Prep3\Prep3.csproj", "{DEE8F9D9-44DB-4A87-BE9B-4E75E6563196}"
EndProject
Project("{9A19103F-16F7-4668-BE54-9A1E7A4F7556}") = "Prep4", "csharp-prep\Prep4\Prep4.csproj", "{817FE11B-5458-42AA-B25A-8C8F7991B675}"
EndProject
Project("{9A19103F-16F7-4668-BE54-9A1E7A4F7556}") = "Prep5", "csharp-prep\Prep5\Prep5.csproj", "{A4A8DD89-FA79-4EEE-821A-DEDD06F24B9B}"
EndProject
Project("{2150E333-8FDC-42A3-9474-1A3956D46DE8}") = "final", "final", "{C039CE21-4573-40A7-9A75-4A62B769A9A1}"
EndProject
Project("{9A19103F-16F7-4668-BE54-9A1E7A4F7556}") = "FinalProject", "final\FinalProject\FinalProject.csproj", "{BBDCD925-EF8B-4774-AFBD-03D2B3512AD0}"
EndProject
Project("{9A19103F-16F7-4668-BE54-9A1E7A4F7556}") = "Foundation1", "final\Foundation1\Foundation1.csproj", "{2A6A9BEA-A592-4402-8645-0787C7A2E100}"
EndProject
Project("{9A19103F-16F7-4668-BE54-9A1E7A4F7556}") = "Foundation2", "final\Foundation2\Foundation2.csproj", "{84B4D2D9-77C0-4FAC-9AE3-ABCE56793470}"
EndProject
Project("{9A19103F-16F7-4668-BE54-9A1E7A4F7556}") = "Foundation3", "final\Foundation3\Foundation3.csproj", "{CE17D171-1069-46B0-B40C-DAD85B11CF64}"
EndProject
Project("{9A19103F-16F7-4668-BE54-9A1E7A4F7556}") = "Foundation4", "final\Foundation4\Foundation4.csproj", "{2D45EB3A-057A-428C-8BF4-203661F47494}"
EndProject
Project("{2150E333-8FDC-42A3-9474-1A3956D46DE8}") = "prepare", "prepare", "{57715545-7717-4C52-A687-4F6A40AAA191}"
EndProject
Project("{9A19103F-16F7-4668-BE54-9A1E7A4F7556}") = "Learning02", "prepare\Learning02\Learning02.csproj", "{20614F1A-CB23-4FB4-B1EF-9099EF52C889}"
EndProject
Project("{9A19103F-16F7-4668-BE54-9A1E7A4F7556}") = "Learning03", "prepare\Learning03\Learning03.csproj", "{A7B1B7BC-035D-403F-ABB9-3B2BC9E89BB4}"
EndProject
Project("{9A19103F-16F7-4668-BE54-9A1E7A4F7556}") = "Learning04", "prepare\Learning04\Learning04.csproj", "{23997E12-EBE8-499B-8889-56AF38AF57D4}"
EndProject
Project("{9A19103F-16F7-4668-BE54-9A1E7A4F7556}") = "Learning05", "prepare\Learning05\Learning05.csproj", "{74CF0A88-737E-4035-9B85-37A704D23FB5}"
EndProject
Project("{2150E333-8FDC-42A3-9474-1A3956D46DE8}") = "prove", "prove", "{2A613408-5CE2-4B10-B53C-18E1EE2914B3}"
EndProject
Project("{9A19103F-16F7-4668-BE54-9A1E7A4F7556}") = "Develop02", "prove\Develop02\Develop02.csproj", "{39CCCEB7-2A32-434F-8CC8-FF2112808E43}"
EndProject
Project("{9A19103F-16F7-4668-BE54-9A1E7A4F7556}") = "Develop03", "prove\Develop03\Develop03.csproj", "{1EB8A3B8-344A-462E-9C2D-AA9F061F4797}"
EndProject
Project("{9A19103F-16F7-4668-BE54-9A1E7A4F7556}") = "Develop04", "prove\Develop04\Develop04.csproj", "{506F13A6-A182-4E45-930E-B179406A3CED}"
EndProject
Project("{9A19103F-16F7-4668-BE54-9A1E7A4F7556}") = "Develop05", "prove\Develop05\Develop05.csproj", "{4D0F6E11-7088-4E24-9EC6-4BBBB267D07C}"
EndProject
Project("{2150E333-8FDC-42A3-9474-1A3956D46DE8}") = "sandbox", "sandbox", "{B2C85CD4-E433-4029-9874-5D53A149FC29}"
EndProject
Project("{9A19103F-16F7-4668-BE54-9A1E7A4F7556}") = "Sandbox", "sandbox\Sandbox\Sandbox.csproj", "{DB9C6F62-0ABC-4502-8DB6-07FBAC71AD6D}"
EndProject
Global
	GlobalSection(SolutionConfigurationPlatforms) = preSolution
		Debug|Any CPU = Debug|Any CPU
		Release|Any CPU = Release|Any CPU
	EndGlobalSection
	GlobalSection(ProjectConfigurationPlatforms) = postSolution
		{B9D93981-D5F3-4320-9CF8-8C8DD278E557}.Debug|Any CPU.ActiveCfg = Debug|Any CPU
		{B9D93981-D5F3-4320-9CF8-8C8DD278E557}.Debug|Any CPU.Build.0 = Debug|Any CPU
		{B9D93981-D5F3-4320-9CF8-8C8DD278E557}.Release|Any CPU.ActiveCfg = Release|Any CPU
		{B9D93981-D5F3-4320-9CF8-8C8DD278E557}.Release|Any CPU.Build.0 = Release|Any CPU
		{FA068932-1A91-4E19-9E29-30C3980E5E24}.Debug|Any CPU.ActiveCfg = Debug|Any CPU
		{FA068932-1A91-4E19-9E29-30C3980E5E24}.Debug|Any CPU.Build.0 = Debug|Any CPU
		{FA068932-1A91-4E19-9E29-30C3980E5E24}.Release|Any CPU.ActiveCfg = Release|Any CPU
		{FA068932-1A91-4E19-9E29-30C3980E5E24}.Release|Any CPU.Build.0 = Release|Any CPU
		{DEE8F9D9-44DB-4A87-BE9B-4E75E6563196}.Debug|Any CPU.ActiveCfg = Debug|Any CPU
		{DEE8F9D9-44DB-4A87-BE9B-4E75E6563196}.Debug|Any CPU.Build.0 = Debug|Any CPU
		{DEE8F9D9-44DB-4A87-BE9B-4E75E6563196}.Release|Any CPU.ActiveCfg = Release|Any CPU
		{DEE8F9D9-44DB-4A87-BE9B-4E75E6563196}.Release|Any CPU.Build.0 = Release|Any CPU
		{817FE11B-5458-42AA-B25A-8C8F7991B675}.Debug|Any CPU.ActiveCfg = Debug|Any CPU
		{817FE11B-5458-42AA-B25A-8C8F7991B675}.Debug|Any CPU.Build.0 = Debug|Any CPU
		{817FE11B-5458-42AA-B25A-8C8F7991B675}.Release|Any CPU.ActiveCfg = Release|Any CPU
		{817FE11B-5458-42AA-B25A-8C8F7991B675}.Release|Any CPU.Build.0 = Release|Any CPU
		{A4A8DD89-FA79-4EEE-821A-DEDD06F24B9B}.Debug|Any CPU.ActiveCfg = Debug|Any CPU
		{A4A8DD89-FA79-4EEE-821A-DEDD06F24B9B}.Debug|Any CPU.Build.0 = Debug|Any CPU
		{A4A8DD89-FA79-4EEE-821A-DEDD06F24B9B}.Release|Any CPU.ActiveCfg = Release|Any CPU
		{A4A8DD89-FA79-4EEE-821A-DEDD06F24B9B}.Release|Any CPU.Build.0 = Release|Any CPU
		{BBDCD925-EF8B-4774-AFBD-03D2B3512AD0}.Debug|Any CPU.ActiveCfg = Debug|Any CPU
		{BBDCD925-EF8B-4774-AFBD-03D2B3512AD0}.Debug|Any CPU.Build.0 = Debug|Any CPU
		{BBDCD925-EF8B-4774-AFBD-03D2B3512AD0}.Release|Any CPU.ActiveCfg = Release|Any CPU
		{BBDCD925-EF8B-4774-AFBD-03D2B3512AD0}.Release|Any CPU.Build.0 = Release|Any CPU
		{2A6A9BEA-A592-4402-8645-0787C7A2E100}.Debug|Any CPU.ActiveCfg = Debug|Any CPU
		{2A6A9BEA-A592-4402-8645-0787C7A2E100}.Debug|Any CPU.Build.0 = Debug|Any CPU
		{2A6A9BEA-A592-4402-8645-0787C7A2E100}.Release|Any CPU.ActiveCfg = Release|Any CPU
		{2A6A9BEA-A592-4402-8645-0787C7A2E100}.Release|Any CPU.Build.0 = Release|Any CPU
		{84B4D2D9-77C0-4FAC-9AE3-ABCE56793470}.Debug|Any CPU.ActiveCfg = Debug|Any CPU
		{84B4D2D9-77C0-4FAC-9AE3-ABCE56793470}.Debug|Any CPU.Build.0 = Debug|Any CPU
		{84B4D2D9-77C0-4FAC-9AE3-ABCE56793470}.Release|Any CPU.ActiveCfg = Release|Any CPU
		{84B4D2D9-77C0-4FAC-9AE3-ABCE56793470}.Release|Any CPU.Build.0 = Release|Any CPU
		{CE17D171-1069-46B0-B40C-DAD85B11CF64}.Debug|Any CPU.ActiveCfg = Debug|Any CPU
		{CE17D171-1069-46B0-B40C-DAD85B11CF64}.Debug|Any CPU.Build.0 = Debug|Any CPU
		{CE17D171-1069-46B0-B40C-DAD85B11CF64}.Release|Any CPU.ActiveCfg = Release|Any CPU
		{CE17D171-1069-46B0-B40C-DAD85B11CF64}.Release|Any CPU.Build.0 = Release|Any CPU
		{2D45EB3A-057A-428C-8BF4-203661F47494}.Debug|Any CPU.ActiveCfg = Debug|Any CPU
		{2D45EB3A-057A-428C-8BF4-203661F47494}.Debug|Any CPU.Build.0 = Debug|Any CPU
		{2D45EB3A-057A-428C-8BF4-203661F47494}.Release|Any CPU.ActiveCfg = Release|Any CPU
		{2D45EB3A-057A-428C-8BF4-203661F47494}.Release|Any CPU.Build.0 = Release|Any CPU
		{20614F1A-CB23-4FB4-B1EF-9099EF52C889}.Debug|Any CPU.ActiveCfg = Debug|Any CPU
		{20614F1A-CB23-4FB4-B1EF-9099EF52C889}.Debug|Any CPU.Build.0 = Debug|Any CPU
		{20614F1A-CB23-4FB4-B1EF-9099EF52C889}.Release|Any CPU.ActiveCfg = Release|Any CPU
		{20614F1A-CB23-4FB4-B1EF-9099EF52C889}.Release|Any CPU.Build.0 = Release|Any CPU
		{A7B1B7BC-035D-403F-ABB9-3B2BC9E89BB4}.Debug|Any CPU.ActiveCfg = Debug|Any CPU
		{A7B1B7BC-035D-403F-ABB9-3B2BC9E89BB4}.Debug|Any CPU.Build.0 = Debug|Any CPU
		{A7B1B7BC-035D-403F-ABB9-3B2BC9E89BB4}.Release|Any CPU.ActiveCfg = Release|Any CPU
		{A7B1B7BC-035D-403F-ABB9-3B2BC9E89BB4}.Release|Any CPU.Build.0 = Release|Any CPU
		{23997E12-EBE8-499B-8889-56AF38AF57D4}.Debug|Any CPU.ActiveCfg = Debug|Any CPU
		{23997E12-EBE8-499B-8889-56AF38AF57D4}.Debug|Any CPU.Build.0 = Debug|Any CPU
		{23997E12-EBE8-499B-8889-56AF38AF57D4}.Release|Any CPU.ActiveCfg = Release|Any CPU
		{23997E12-EBE8-499B-8889-56AF38AF57D4}.Release|Any CPU.Build.0 = Release|Any CPU
		{74CF0A88-737E-4035-9B85-37A704D23FB5}.Debug|Any CPU.ActiveCfg = Debug|Any CPU
		{74CF0A88-737E-4035-9B85-37A704D23FB5}.Debug|Any CPU.Build.0 = Debug|Any CPU
		{74CF0A88-737E-4035-9B85-37A704D23FB5}.Release|Any CPU.ActiveCfg = Release|Any CPU
		{74CF0A88-737E-4035-9B85-37A704D23FB5}.Release|Any CPU.Build.0 = Release|Any CPU
		{39CCCEB7-2A32-434F-8CC8-FF2112808E43}.Debug|Any CPU.ActiveCfg = Debug|Any CPU
		{39CCCEB7-2A32-434F-8CC8-FF2112808E43}.Debug|Any CPU.Build.0 = Debug|Any CPU
		{39CCCEB7-2A32-434F-8CC8-FF2112808E43}.Release|Any CPU.ActiveCfg = Release|Any CPU
		{39CCCEB7-2A32-434F-8CC8-FF2112808E43}.Release|Any CPU.Build.0 = Release|Any CPU
		{1EB8A3B8-344A-462E-9C2D-AA9F061F4797}.Debug|Any CPU.ActiveCfg = Debug|Any CPU
		{1EB8A3B8-344A-462E-9C2D-AA9F061F4797}.Debug|Any CPU.Build.0 = Debug|Any CPU
		{1EB8A3B8-344A-462E-9C2D-AA9F061F4797}.Release|Any CPU.ActiveCfg = Release|Any CPU
		{1EB8A3B8-344A-462E-9C2D-AA9F061F4797}.Release|Any CPU.Build.0 = Release|Any CPU
		{506F13A6-A182-4E45-930E-B179406A3CED}.Debug|Any CPU.ActiveCfg = Debug|Any CPU
		{506F13A6-A182-4E45-930E-B179406A3CED}.Debug|Any CPU.Build.0 = Debug|Any CPU
		{506F13A6-A182-4E45-930E-B179406A3CED}.Release|Any CPU.ActiveCfg = Release|Any CPU
		{506F13A6-A182-4E45-930E-B179406A3CED}.Release|Any CPU.Build.0 = Release|Any CPU
		{4D0F6E11-7088-4E24-9EC6-4BBBB267D07C}.Debug|Any CPU.ActiveCfg = Debug|Any CPU
		{4D0F6E11-7088-4E24-9EC6-4BBBB267D07C}.Debug|Any CPU.Build.0 = Debug|Any CPU
		{4D0F6E11-7088-4E24-9EC6-4BBBB267D07C}.Release|Any CPU.ActiveCfg = Release|Any CPU
		{4D0F6E11-7088-4E24-9EC6-4BBBB267D07C}.Release|Any CPU.Build.0 = Release|Any CPU
		{DB9C6F62-0ABC-4502-8DB6-07FBAC71AD6D}.Debug|Any CPU.ActiveCfg = Debug|Any CPU
		{DB9C6F62-0ABC-4502-8DB6-07FBAC71AD6D}.Debug|Any CPU.Build.0 = Debug|Any CPU
		{DB9C6F62-0ABC-4502-8DB6-07FBAC71AD6D}.Release|Any CPU.ActiveCfg = Release|Any CPU
		{DB9C6F62-0ABC-4502-8DB6-07FBAC71AD6D}.Release|Any CPU.Build.0 = Release|Any CPU
	EndGlobalSection
	GlobalSection(SolutionProperties) = preSolution
		HideSolutionNode = FALSE
	EndGlobalSection
	GlobalSection(NestedProjects) = preSolution
		{B9D93981-D5F3-4320-9CF8-8C8DD278E557} = {90A7059C-24BD-4CA8-8BE5-B06F73EED0CC}
		{FA068932-1A91-4E19-9E29-30C3980E5E24} = {90A7059C-24BD-4CA8-8BE5-B06F73EED0CC}
		{DEE8F9D9-44DB-4A87-BE9B-4E75E6563196} = {90A7059C-24BD-4CA8-8BE5-B06F73EED0CC}
		{817FE11B-5458-42AA-B25A-8C8F7991B675} = {90A7059C-24BD-4CA8-8BE5-B06F73EED0CC}
		{A4A8DD89-FA79-4EEE-821A-DEDD06F24B9B} = {90A7059C-24BD-4CA8-8BE5-B06F73EED0CC}
		{BBDCD925-EF8B-4774-AFBD-03D2B3512AD0} = {C039CE21-4573-40A7-9A75-4A62B769A9A1}
		{2A6A9BEA-A592-4402-8645-0787C7A2E100} = {C039CE21-4573-40A7-9A75-4A62B769A9A1}
		{84B4D2D9-77C0-4FAC-9AE3-ABCE56793470} = {C039CE21-4573-40A7-9A75-4A62B769A9A1}
		{CE17D171-1069-46B0-B40C-DAD85B11CF64} = {C039CE21-4573-40A7-9A75-4A62B769A9A1}
		{2D45EB3A-057A-428C-8BF4-203661F47494} = {C039CE21-4573-40A7-9A75-4A62B769A9A1}
		{20614F1A-CB23-4FB4-B1EF-9099EF52C889} = {57715545-7717-4C52-A687-4F6A40AAA191}
		{A7B1B7BC-035D-403F-ABB9-3B2BC9E89BB4} = {57715545-7717-4C52-A687-4F6A40AAA191}
		{23997E12-EBE8-499B-8889-56AF38AF57D4} = {57715545-7717-4C52-A687-4F6A40AAA191}
		{74CF0A88-737E-4035-9B85-37A704D23FB5} = {57715545-7717-4C52-A687-4F6A40AAA191}
		{39CCCEB7-2A32-434F-8CC8-FF2112808E43} = {2A613408-5CE2-4B10-B53C-18E1EE2914B3}
		{1EB8A3B8-344A-462E-9C2D-AA9F061F4797} = {2A613408-5CE2-4B10-B53C-18E1EE2914B3}
		{506F13A6-A182-4E45-930E-B179406A3CED} = {2A613408-5CE2-4B10-B53C-18E1EE2914B3}
		{4D0F6E11-7088-4E24-9EC6-4BBBB267D07C} = {2A613408-5CE2-4B10-B53C-18E1EE2914B3}
		{DB9C6F62-0ABC-4502-8DB6-07FBAC71AD6D} = {B2C85CD4-E433-4029-9874-5D53A149FC29}
	EndGlobalSection
	GlobalSection(ExtensibilityGlobals) = postSolution
		SolutionGuid = {1D402AC4-BD84-4AAE-A932-EC6E0C46951D}
	EndGlobalSection
EndGlobal
